
Microsoft Visual Studio Solution File, Format Version 12.00
# Visual Studio 14
VisualStudioVersion = 14.0.25420.1
MinimumVisualStudioVersion = 10.0.40219.1
Project("{FAE04EC0-301F-11D3-BF4B-00C04F79EFBC}") = "lmdp", "lmdp\lmdp.csproj", "{D6D38030-3980-4040-BD4F-ADB10B90DE01}"
EndProject
Project("{FAE04EC0-301F-11D3-BF4B-00C04F79EFBC}") = "lmdp.Tests", "lmdp.Tests\lmdp.Tests.csproj", "{2DEFC536-294C-44CA-8490-C49CB6852A33}"
EndProject
Global
	GlobalSection(SolutionConfigurationPlatforms) = preSolution
		Debug|Any CPU = Debug|Any CPU
		Release|Any CPU = Release|Any CPU
	EndGlobalSection
	GlobalSection(ProjectConfigurationPlatforms) = postSolution
		{D6D38030-3980-4040-BD4F-ADB10B90DE01}.Debug|Any CPU.ActiveCfg = Debug|Any CPU
		{D6D38030-3980-4040-BD4F-ADB10B90DE01}.Debug|Any CPU.Build.0 = Debug|Any CPU
		{D6D38030-3980-4040-BD4F-ADB10B90DE01}.Release|Any CPU.ActiveCfg = Release|Any CPU
		{D6D38030-3980-4040-BD4F-ADB10B90DE01}.Release|Any CPU.Build.0 = Release|Any CPU
		{2DEFC536-294C-44CA-8490-C49CB6852A33}.Debug|Any CPU.ActiveCfg = Debug|Any CPU
		{2DEFC536-294C-44CA-8490-C49CB6852A33}.Debug|Any CPU.Build.0 = Debug|Any CPU
		{2DEFC536-294C-44CA-8490-C49CB6852A33}.Release|Any CPU.ActiveCfg = Release|Any CPU
		{2DEFC536-294C-44CA-8490-C49CB6852A33}.Release|Any CPU.Build.0 = Release|Any CPU
	EndGlobalSection
	GlobalSection(SolutionProperties) = preSolution
		HideSolutionNode = FALSE
	EndGlobalSection
EndGlobal
